
Microsoft Visual Studio Solution File, Format Version 12.00
# Visual Studio Version 16
VisualStudioVersion = 16.0.31112.23
MinimumVisualStudioVersion = 10.0.40219.1
Project("{FAE04EC0-301F-11D3-BF4B-00C04F79EFBC}") = "ATFA", "ATFA\ATFA.csproj", "{6905FC33-CC64-4A2A-AEEC-2E0DD034F7E3}"
EndProject
Global
	GlobalSection(SolutionConfigurationPlatforms) = preSolution
		Debug|Any CPU = Debug|Any CPU
		Release|Any CPU = Release|Any CPU
	EndGlobalSection
	GlobalSection(ProjectConfigurationPlatforms) = postSolution
		{6905FC33-CC64-4A2A-AEEC-2E0DD034F7E3}.Debug|Any CPU.ActiveCfg = Debug|Any CPU
		{6905FC33-CC64-4A2A-AEEC-2E0DD034F7E3}.Debug|Any CPU.Build.0 = Debug|Any CPU
		{6905FC33-CC64-4A2A-AEEC-2E0DD034F7E3}.Release|Any CPU.ActiveCfg = Release|Any CPU
		{6905FC33-CC64-4A2A-AEEC-2E0DD034F7E3}.Release|Any CPU.Build.0 = Release|Any CPU
	EndGlobalSection
	GlobalSection(SolutionProperties) = preSolution
		HideSolutionNode = FALSE
	EndGlobalSection
	GlobalSection(ExtensibilityGlobals) = postSolution
		SolutionGuid = {57844AF9-0E01-475C-8D84-7A66F6510382}
	EndGlobalSection
EndGlobal
